
Microsoft Visual Studio Solution File, Format Version 12.00
# Visual Studio Version 17
VisualStudioVersion = 17.14.36414.22
MinimumVisualStudioVersion = 10.0.40219.1
Project("{FAE04EC0-301F-11D3-BF4B-00C04F79EFBC}") = "Board-Gamer-App", "Board-Gamer-App.csproj", "{BB963614-7C9B-4BFD-8ED5-80D316561568}"
EndProject
Global
	GlobalSection(SolutionConfigurationPlatforms) = preSolution
		Debug|Any CPU = Debug|Any CPU
		Release|Any CPU = Release|Any CPU
	EndGlobalSection
	GlobalSection(ProjectConfigurationPlatforms) = postSolution
		{BB963614-7C9B-4BFD-8ED5-80D316561568}.Debug|Any CPU.ActiveCfg = Debug|Any CPU
		{BB963614-7C9B-4BFD-8ED5-80D316561568}.Debug|Any CPU.Build.0 = Debug|Any CPU
		{BB963614-7C9B-4BFD-8ED5-80D316561568}.Debug|Any CPU.Deploy.0 = Debug|Any CPU
		{BB963614-7C9B-4BFD-8ED5-80D316561568}.Release|Any CPU.ActiveCfg = Release|Any CPU
		{BB963614-7C9B-4BFD-8ED5-80D316561568}.Release|Any CPU.Build.0 = Release|Any CPU
	EndGlobalSection
	GlobalSection(SolutionProperties) = preSolution
		HideSolutionNode = FALSE
	EndGlobalSection
	GlobalSection(ExtensibilityGlobals) = postSolution
		SolutionGuid = {8CDDD972-9EF2-464C-AA2E-4BB5689AC340}
	EndGlobalSection
EndGlobal
